{
  "name": "koa",
  "version": "1.0.0",
  "lockfileVersion": 1,
  "requires": true,
  "dependencies": {
    "accepts": {
      "version": "1.3.7",
      "resolved": "https://registry.nlark.com/accepts/download/accepts-1.3.7.tgz",
      "integrity": "sha1-UxvHJlF6OytB+FACHGzBXqq1B80=",
      "requires": {
        "mime-types": "~2.1.24",
        "negotiator": "0.6.2"
      }
    },
    "assert": {
      "version": "2.0.0",
      "resolved": "https://registry.nlark.com/assert/download/assert-2.0.0.tgz",
      "integrity": "sha1-lfwcYW1IcTUQaA8ury0Q3SLgLTI=",
      "requires": {
        "es6-object-assign": "^1.1.0",
        "is-nan": "^1.2.1",
        "object-is": "^1.0.1",
        "util": "^0.12.0"
      }
    },
    "available-typed-arrays": {
      "version": "1.0.5",
      "resolved": "https://registry.nlark.com/available-typed-arrays/download/available-typed-arrays-1.0.5.tgz",
      "integrity": "sha1-kvlWFlAQadB9EO2y/DfT4cZRI7c="
    },
    "cache-content-type": {
      "version": "1.0.1",
      "resolved": "https://registry.nlark.com/cache-content-type/download/cache-content-type-1.0.1.tgz",
      "integrity": "sha1-A1zeKwjuISn0qDFeqPAKANuhRTw=",
      "requires": {
        "mime-types": "^2.1.18",
        "ylru": "^1.2.0"
      }
    },
    "call-bind": {
      "version": "1.0.2",
      "resolved": "https://registry.nlark.com/call-bind/download/call-bind-1.0.2.tgz",
      "integrity": "sha1-sdTonmiBGcPJqQOtMKuy9qkZvjw=",
      "requires": {
        "function-bind": "^1.1.1",
        "get-intrinsic": "^1.0.2"
      }
    },
    "const": {
      "version": "1.0.0",
      "resolved": "https://registry.nlark.com/const/download/const-1.0.0.tgz",
      "integrity": "sha1-0VkZFmW2iF9dZcVTNWJqh8xuwTw="
    },
    "content-disposition": {
      "version": "0.5.3",
      "resolved": "https://registry.nlark.com/content-disposition/download/content-disposition-0.5.3.tgz",
      "integrity": "sha1-4TDK9+cnkIfFYWwgB9BIVpiYT70=",
      "requires": {
        "safe-buffer": "5.1.2"
      },
      "dependencies": {
        "safe-buffer": {
          "version": "5.1.2",
          "resolved": "https://registry.nlark.com/safe-buffer/download/safe-buffer-5.1.2.tgz?cache=0&sync_timestamp=1618847044058&other_urls=https%3A%2F%2Fregistry.nlark.com%2Fsafe-buffer%2Fdownload%2Fsafe-buffer-5.1.2.tgz",
          "integrity": "sha1-mR7GnSluAxN0fVm9/St0XDX4go0="
        }
      }
    },
    "content-type": {
      "version": "1.0.4",
      "resolved": "https://registry.nlark.com/content-type/download/content-type-1.0.4.tgz",
      "integrity": "sha1-4TjMdeBAxyexlm/l5fjJruJW/js="
    },
    "cookies": {
      "version": "0.8.0",
      "resolved": "https://registry.nlark.com/cookies/download/cookies-0.8.0.tgz",
      "integrity": "sha1-EpPOSzkXQKhAbjyYcOgoxLVPP5A=",
      "requires": {
        "depd": "~2.0.0",
        "keygrip": "~1.1.0"
      }
    },
    "deep-equal": {
      "version": "1.0.1",
      "resolved": "https://registry.nlark.com/deep-equal/download/deep-equal-1.0.1.tgz",
      "integrity": "sha1-9dJgKStmDghO/0zbyfCK0yR0SLU="
    },
    "define-properties": {
      "version": "1.1.3",
      "resolved": "https://registry.nlark.com/define-properties/download/define-properties-1.1.3.tgz",
      "integrity": "sha1-z4jabL7ib+bbcJT2HYcMvYTO6fE=",
      "requires": {
        "object-keys": "^1.0.12"
      }
    },
    "delegates": {
      "version": "1.0.0",
      "resolved": "https://registry.nlark.com/delegates/download/delegates-1.0.0.tgz",
      "integrity": "sha1-hMbhWbgZBP3KWaDvRM2HDTElD5o="
    },
    "depd": {
      "version": "2.0.0",
      "resolved": "https://registry.nlark.com/depd/download/depd-2.0.0.tgz",
      "integrity": "sha1-tpYWPMdXVg0JzyLMj60Vcbeedt8="
    },
    "destroy": {
      "version": "1.0.4",
      "resolved": "https://registry.npm.taobao.org/destroy/download/destroy-1.0.4.tgz",
      "integrity": "sha1-l4hXRCxEdJ5CBmE+N5RiBYJqvYA="
    },
    "ee-first": {
      "version": "1.1.1",
      "resolved": "https://registry.nlark.com/ee-first/download/ee-first-1.1.1.tgz",
      "integrity": "sha1-WQxhFWsK4vTwJVcyoViyZrxWsh0="
    },
    "emitter-component": {
      "version": "1.1.1",
      "resolved": "https://registry.npm.taobao.org/emitter-component/download/emitter-component-1.1.1.tgz",
      "integrity": "sha1-Bl4tvtaVm/RwZ57avq95gdEAOrY="
    },
    "encodeurl": {
      "version": "1.0.2",
      "resolved": "https://registry.nlark.com/encodeurl/download/encodeurl-1.0.2.tgz",
      "integrity": "sha1-rT/0yG7C0CkyL1oCw6mmBslbP1k="
    },
    "es-abstract": {
      "version": "1.18.6",
      "resolved": "https://registry.nlark.com/es-abstract/download/es-abstract-1.18.6.tgz?cache=0&sync_timestamp=1631076806734&other_urls=https%3A%2F%2Fregistry.nlark.com%2Fes-abstract%2Fdownload%2Fes-abstract-1.18.6.tgz",
      "integrity": "sha1-LETj6npiVQORZNJlWXd6bZeMtFY=",
      "requires": {
        "call-bind": "^1.0.2",
        "es-to-primitive": "^1.2.1",
        "function-bind": "^1.1.1",
        "get-intrinsic": "^1.1.1",
        "get-symbol-description": "^1.0.0",
        "has": "^1.0.3",
        "has-symbols": "^1.0.2",
        "internal-slot": "^1.0.3",
        "is-callable": "^1.2.4",
        "is-negative-zero": "^2.0.1",
        "is-regex": "^1.1.4",
        "is-string": "^1.0.7",
        "object-inspect": "^1.11.0",
        "object-keys": "^1.1.1",
        "object.assign": "^4.1.2",
        "string.prototype.trimend": "^1.0.4",
        "string.prototype.trimstart": "^1.0.4",
        "unbox-primitive": "^1.0.1"
      }
    },
    "es-to-primitive": {
      "version": "1.2.1",
      "resolved": "https://registry.nlark.com/es-to-primitive/download/es-to-primitive-1.2.1.tgz",
      "integrity": "sha1-5VzUyc3BiLzvsDs2bHNjI/xciYo=",
      "requires": {
        "is-callable": "^1.1.4",
        "is-date-object": "^1.0.1",
        "is-symbol": "^1.0.2"
      }
    },
    "es6-object-assign": {
      "version": "1.1.0",
      "resolved": "https://registry.npm.taobao.org/es6-object-assign/download/es6-object-assign-1.1.0.tgz",
      "integrity": "sha1-wsNYJlYkfDnqEHyx5mUrb58kUjw="
    },
    "escape-html": {
      "version": "1.0.3",
      "resolved": "https://registry.nlark.com/escape-html/download/escape-html-1.0.3.tgz",
      "integrity": "sha1-Aljq5NPQwJdN4cFpGI7wBR0dGYg="
    },
    "foreach": {
      "version": "2.0.5",
      "resolved": "https://registry.npm.taobao.org/foreach/download/foreach-2.0.5.tgz",
      "integrity": "sha1-C+4AUBiusmDQo6865ljdATbsG5k="
    },
    "fresh": {
      "version": "0.5.2",
      "resolved": "https://registry.nlark.com/fresh/download/fresh-0.5.2.tgz?cache=0&sync_timestamp=1618846949012&other_urls=https%3A%2F%2Fregistry.nlark.com%2Ffresh%2Fdownload%2Ffresh-0.5.2.tgz",
      "integrity": "sha1-PYyt2Q2XZWn6g1qx+OSyOhBWBac="
    },
    "function-bind": {
      "version": "1.1.1",
      "resolved": "https://registry.npm.taobao.org/function-bind/download/function-bind-1.1.1.tgz",
      "integrity": "sha1-pWiZ0+o8m6uHS7l3O3xe3pL0iV0="
    },
    "get-intrinsic": {
      "version": "1.1.1",
      "resolved": "https://registry.nlark.com/get-intrinsic/download/get-intrinsic-1.1.1.tgz",
      "integrity": "sha1-FfWfN2+FXERpY5SPDSTNNje0q8Y=",
      "requires": {
        "function-bind": "^1.1.1",
        "has": "^1.0.3",
        "has-symbols": "^1.0.1"
      }
    },
    "get-symbol-description": {
      "version": "1.0.0",
      "resolved": "https://registry.nlark.com/get-symbol-description/download/get-symbol-description-1.0.0.tgz",
      "integrity": "sha1-f9uByQAQH71WTdXxowr1qtweWNY=",
      "requires": {
        "call-bind": "^1.0.2",
        "get-intrinsic": "^1.1.1"
      }
    },
    "has": {
      "version": "1.0.3",
      "resolved": "https://registry.nlark.com/has/download/has-1.0.3.tgz",
      "integrity": "sha1-ci18v8H2qoJB8W3YFOAR4fQeh5Y=",
      "requires": {
        "function-bind": "^1.1.1"
      }
    },
    "has-bigints": {
      "version": "1.0.1",
      "resolved": "https://registry.nlark.com/has-bigints/download/has-bigints-1.0.1.tgz",
      "integrity": "sha1-ZP5qywIGc+O3jbA1pa9pqp0HsRM="
    },
    "has-symbols": {
      "version": "1.0.2",
      "resolved": "https://registry.nlark.com/has-symbols/download/has-symbols-1.0.2.tgz",
      "integrity": "sha1-Fl0wcMADCXUqEjakeTMeOsVvFCM="
    },
    "has-tostringtag": {
      "version": "1.0.0",
      "resolved": "https://registry.nlark.com/has-tostringtag/download/has-tostringtag-1.0.0.tgz",
      "integrity": "sha1-fhM4GKfTlHNPlB5zw9P5KR5liyU=",
      "requires": {
        "has-symbols": "^1.0.2"
      }
    },
    "http-assert": {
      "version": "1.5.0",
      "resolved": "https://registry.nlark.com/http-assert/download/http-assert-1.5.0.tgz",
      "integrity": "sha1-w4nM2HrBbtLfpiRv1zuSaqAOa48=",
      "requires": {
        "deep-equal": "~1.0.1",
        "http-errors": "~1.8.0"
      }
    },
    "http-errors": {
      "version": "1.8.0",
      "resolved": "https://registry.nlark.com/http-errors/download/http-errors-1.8.0.tgz",
      "integrity": "sha1-ddG75JfhBE9R5O6ecEpi8o0zZQc=",
      "requires": {
        "depd": "~1.1.2",
        "inherits": "2.0.4",
        "setprototypeof": "1.2.0",
        "statuses": ">= 1.5.0 < 2",
        "toidentifier": "1.0.0"
      },
      "dependencies": {
        "depd": {
          "version": "1.1.2",
          "resolved": "https://registry.nlark.com/depd/download/depd-1.1.2.tgz",
          "integrity": "sha1-m81S4UwJd2PnSbJ0xDRu0uVgtak="
        },
        "statuses": {
          "version": "1.5.0",
          "resolved": "https://registry.nlark.com/statuses/download/statuses-1.5.0.tgz",
          "integrity": "sha1-Fhx9rBd2Wf2YEfQ3cfqZOBR4Yow="
        }
      }
    },
    "inherits": {
      "version": "2.0.4",
      "resolved": "https://registry.npm.taobao.org/inherits/download/inherits-2.0.4.tgz",
      "integrity": "sha1-D6LGT5MpF8NDOg3tVTY6rjdBa3w="
    },
    "internal-slot": {
      "version": "1.0.3",
      "resolved": "https://registry.nlark.com/internal-slot/download/internal-slot-1.0.3.tgz",
      "integrity": "sha1-c0fjB97uovqsKsYgXUvH00ln9Zw=",
      "requires": {
        "get-intrinsic": "^1.1.0",
        "has": "^1.0.3",
        "side-channel": "^1.0.4"
      }
    },
    "is-arguments": {
      "version": "1.1.1",
      "resolved": "https://registry.nlark.com/is-arguments/download/is-arguments-1.1.1.tgz?cache=0&sync_timestamp=1628202633313&other_urls=https%3A%2F%2Fregistry.nlark.com%2Fis-arguments%2Fdownload%2Fis-arguments-1.1.1.tgz",
      "integrity": "sha1-FbP4j9oB8ql/7ITKdhpWDxI++ps=",
      "requires": {
        "call-bind": "^1.0.2",
        "has-tostringtag": "^1.0.0"
      }
    },
    "is-bigint": {
      "version": "1.0.4",
      "resolved": "https://registry.nlark.com/is-bigint/download/is-bigint-1.0.4.tgz?cache=0&sync_timestamp=1628747504782&other_urls=https%3A%2F%2Fregistry.nlark.com%2Fis-bigint%2Fdownload%2Fis-bigint-1.0.4.tgz",
      "integrity": "sha1-CBR6GHW8KzIAXUHM2Ckd/8ZpHfM=",
      "requires": {
        "has-bigints": "^1.0.1"
      }
    },
    "is-boolean-object": {
      "version": "1.1.2",
      "resolved": "https://registry.nlark.com/is-boolean-object/download/is-boolean-object-1.1.2.tgz",
      "integrity": "sha1-XG3CACRt2TIa5LiFoRS7H3X2Nxk=",
      "requires": {
        "call-bind": "^1.0.2",
        "has-tostringtag": "^1.0.0"
      }
    },
    "is-callable": {
      "version": "1.2.4",
      "resolved": "https://registry.nlark.com/is-callable/download/is-callable-1.2.4.tgz",
      "integrity": "sha1-RzAdWN0CWUB4ZVR4U99tYf5HGUU="
    },
    "is-date-object": {
      "version": "1.0.5",
      "resolved": "https://registry.nlark.com/is-date-object/download/is-date-object-1.0.5.tgz?cache=0&sync_timestamp=1628202499310&other_urls=https%3A%2F%2Fregistry.nlark.com%2Fis-date-object%2Fdownload%2Fis-date-object-1.0.5.tgz",
      "integrity": "sha1-CEHVU25yTCVZe/bqYuG9OCmN8x8=",
      "requires": {
        "has-tostringtag": "^1.0.0"
      }
    },
    "is-generator-function": {
      "version": "1.0.10",
      "resolved": "https://registry.nlark.com/is-generator-function/download/is-generator-function-1.0.10.tgz",
      "integrity": "sha1-8VWLrxrBfg3up8BBXEODUf8rPHI=",
      "requires": {
        "has-tostringtag": "^1.0.0"
      }
    },
    "is-nan": {
      "version": "1.3.2",
      "resolved": "https://registry.npm.taobao.org/is-nan/download/is-nan-1.3.2.tgz",
      "integrity": "sha1-BDpUreoxdItVts1OCara+mm9nh0=",
      "requires": {
        "call-bind": "^1.0.0",
        "define-properties": "^1.1.3"
      }
    },
    "is-negative-zero": {
      "version": "2.0.1",
      "resolved": "https://registry.nlark.com/is-negative-zero/download/is-negative-zero-2.0.1.tgz",
      "integrity": "sha1-PedGwY3aIxkkGlNnWQjY92bxHCQ="
    },
    "is-number-object": {
      "version": "1.0.6",
      "resolved": "https://registry.nlark.com/is-number-object/download/is-number-object-1.0.6.tgz",
      "integrity": "sha1-anqvg4x/BoalC0VT9+VKlklOifA=",
      "requires": {
        "has-tostringtag": "^1.0.0"
      }
    },
    "is-regex": {
      "version": "1.1.4",
      "resolved": "https://registry.nlark.com/is-regex/download/is-regex-1.1.4.tgz?cache=0&sync_timestamp=1628221905423&other_urls=https%3A%2F%2Fregistry.nlark.com%2Fis-regex%2Fdownload%2Fis-regex-1.1.4.tgz",
      "integrity": "sha1-7vVmPNWfpMCuM5UFMj32hUuxWVg=",
      "requires": {
        "call-bind": "^1.0.2",
        "has-tostringtag": "^1.0.0"
      }
    },
    "is-string": {
      "version": "1.0.7",
      "resolved": "https://registry.nlark.com/is-string/download/is-string-1.0.7.tgz?cache=0&sync_timestamp=1628213433356&other_urls=https%3A%2F%2Fregistry.nlark.com%2Fis-string%2Fdownload%2Fis-string-1.0.7.tgz",
      "integrity": "sha1-DdEr8gBvJVu1j2lREO/3SR7rwP0=",
      "requires": {
        "has-tostringtag": "^1.0.0"
      }
    },
    "is-symbol": {
      "version": "1.0.4",
      "resolved": "https://registry.nlark.com/is-symbol/download/is-symbol-1.0.4.tgz",
      "integrity": "sha1-ptrJO2NbBjymhyI23oiRClevE5w=",
      "requires": {
        "has-symbols": "^1.0.2"
      }
    },
    "is-typed-array": {
      "version": "1.1.8",
      "resolved": "https://registry.nlark.com/is-typed-array/download/is-typed-array-1.1.8.tgz?cache=0&sync_timestamp=1630390331090&other_urls=https%3A%2F%2Fregistry.nlark.com%2Fis-typed-array%2Fdownload%2Fis-typed-array-1.1.8.tgz",
      "integrity": "sha1-y6plhdx9tDMYvFuJUj6jhKb2Xnk=",
      "requires": {
        "available-typed-arrays": "^1.0.5",
        "call-bind": "^1.0.2",
        "es-abstract": "^1.18.5",
        "foreach": "^2.0.5",
        "has-tostringtag": "^1.0.0"
      }
    },
    "keygrip": {
      "version": "1.1.0",
      "resolved": "https://registry.nlark.com/keygrip/download/keygrip-1.1.0.tgz",
      "integrity": "sha1-hxsWgdXhWcYqRFsMdLYV4JF+ciY=",
      "requires": {
        "tsscmp": "1.0.6"
      }
    },
    "media-typer": {
      "version": "0.3.0",
      "resolved": "https://registry.npm.taobao.org/media-typer/download/media-typer-0.3.0.tgz",
      "integrity": "sha1-hxDXrwqmJvj/+hzgAWhUUmMlV0g="
    },
    "mime-db": {
      "version": "1.49.0",
      "resolved": "https://registry.nlark.com/mime-db/download/mime-db-1.49.0.tgz",
      "integrity": "sha1-89/eYMmenPO8lwHWh3ePU3ABy+0="
    },
    "mime-types": {
      "version": "2.1.32",
      "resolved": "https://registry.nlark.com/mime-types/download/mime-types-2.1.32.tgz?cache=0&other_urls=https%3A%2F%2Fregistry.nlark.com%2Fmime-types%2Fdownload%2Fmime-types-2.1.32.tgz",
      "integrity": "sha1-HQDonn3n/gIAjbYQAdngKFJnD9U=",
      "requires": {
        "mime-db": "1.49.0"
      }
    },
    "negotiator": {
      "version": "0.6.2",
      "resolved": "https://registry.npm.taobao.org/negotiator/download/negotiator-0.6.2.tgz",
      "integrity": "sha1-/qz3zPUlp3rpY0Q2pkiD/+yjRvs="
    },
    "object-inspect": {
      "version": "1.11.0",
      "resolved": "https://registry.nlark.com/object-inspect/download/object-inspect-1.11.0.tgz",
      "integrity": "sha1-nc6xRs7dQUig2eUauI00z1CZIrE="
    },
    "object-is": {
      "version": "1.1.5",
      "resolved": "https://registry.npm.taobao.org/object-is/download/object-is-1.1.5.tgz?cache=0&sync_timestamp=1613857744782&other_urls=https%3A%2F%2Fregistry.npm.taobao.org%2Fobject-is%2Fdownload%2Fobject-is-1.1.5.tgz",
      "integrity": "sha1-ud7qpfx/GEag+uzc7sE45XePU6w=",
      "requires": {
        "call-bind": "^1.0.2",
        "define-properties": "^1.1.3"
      }
    },
    "object-keys": {
      "version": "1.1.1",
      "resolved": "https://registry.nlark.com/object-keys/download/object-keys-1.1.1.tgz",
      "integrity": "sha1-HEfyct8nfzsdrwYWd9nILiMixg4="
    },
    "object.assign": {
      "version": "4.1.2",
      "resolved": "https://registry.npm.taobao.org/object.assign/download/object.assign-4.1.2.tgz?cache=0&sync_timestamp=1604115300532&other_urls=https%3A%2F%2Fregistry.npm.taobao.org%2Fobject.assign%2Fdownload%2Fobject.assign-4.1.2.tgz",
      "integrity": "sha1-DtVKNC7Os3s4/3brgxoOeIy2OUA=",
      "requires": {
        "call-bind": "^1.0.0",
        "define-properties": "^1.1.3",
        "has-symbols": "^1.0.1",
        "object-keys": "^1.1.1"
      }
    },
    "on-finished": {
      "version": "2.3.0",
      "resolved": "https://registry.npm.taobao.org/on-finished/download/on-finished-2.3.0.tgz",
      "integrity": "sha1-IPEzZIGwg811M3mSoWlxqi2QaUc=",
      "requires": {
        "ee-first": "1.1.1"
      }
    },
    "only": {
      "version": "0.0.2",
      "resolved": "https://registry.nlark.com/only/download/only-0.0.2.tgz",
      "integrity": "sha1-Kv3oTQPlC5qO3EROMGEKcCle37Q="
    },
    "parseurl": {
      "version": "1.3.3",
      "resolved": "https://registry.nlark.com/parseurl/download/parseurl-1.3.3.tgz",
      "integrity": "sha1-naGee+6NEt/wUT7Vt2lXeTvC6NQ="
    },
    "path": {
      "version": "0.12.7",
      "resolved": "https://registry.nlark.com/path/download/path-0.12.7.tgz",
      "integrity": "sha1-1NwqUGxM4hl+tIHr/NWzbAFAsQ8=",
      "requires": {
        "process": "^0.11.1",
        "util": "^0.10.3"
      },
      "dependencies": {
        "inherits": {
          "version": "2.0.3",
          "resolved": "https://registry.npm.taobao.org/inherits/download/inherits-2.0.3.tgz",
          "integrity": "sha1-Yzwsg+PaQqUC9SRmAiSA9CCCYd4="
        },
        "util": {
          "version": "0.10.4",
          "resolved": "https://registry.nlark.com/util/download/util-0.10.4.tgz",
          "integrity": "sha1-OqASW/5mikZy3liFfTrOJ+y3aQE=",
          "requires": {
            "inherits": "2.0.3"
          }
        }
      }
    },
    "process": {
      "version": "0.11.10",
      "resolved": "https://registry.npm.taobao.org/process/download/process-0.11.10.tgz",
      "integrity": "sha1-czIwDoQBYb2j5podHZGn1LwW8YI="
    },
    "punycode": {
      "version": "1.3.2",
      "resolved": "https://registry.nlark.com/punycode/download/punycode-1.3.2.tgz",
      "integrity": "sha1-llOgNvt8HuQjQvIyXM7v6jkmxI0="
    },
    "querystring": {
      "version": "0.2.1",
      "resolved": "https://registry.nlark.com/querystring/download/querystring-0.2.1.tgz",
      "integrity": "sha1-QNd2FbsJ0WkCqFw+OKqLXtdhwt0="
    },
    "safe-buffer": {
      "version": "5.2.1",
      "resolved": "https://registry.nlark.com/safe-buffer/download/safe-buffer-5.2.1.tgz?cache=0&sync_timestamp=1618847044058&other_urls=https%3A%2F%2Fregistry.nlark.com%2Fsafe-buffer%2Fdownload%2Fsafe-buffer-5.2.1.tgz",
      "integrity": "sha1-Hq+fqb2x/dTsdfWPnNtOa3gn7sY="
    },
    "setprototypeof": {
      "version": "1.2.0",
      "resolved": "https://registry.npm.taobao.org/setprototypeof/download/setprototypeof-1.2.0.tgz",
      "integrity": "sha1-ZsmiSnP5/CjL5msJ/tPTPcrxtCQ="
    },
    "side-channel": {
      "version": "1.0.4",
      "resolved": "https://registry.nlark.com/side-channel/download/side-channel-1.0.4.tgz",
      "integrity": "sha1-785cj9wQTudRslxY1CkAEfpeos8=",
      "requires": {
        "call-bind": "^1.0.0",
        "get-intrinsic": "^1.0.2",
        "object-inspect": "^1.9.0"
      }
    },
    "statuses": {
      "version": "2.0.1",
      "resolved": "https://registry.nlark.com/statuses/download/statuses-2.0.1.tgz",
      "integrity": "sha1-VcsADM8dSHKL0jxoWgY5mM8aG2M="
    },
    "stream": {
      "version": "0.0.2",
      "resolved": "https://registry.npm.taobao.org/stream/download/stream-0.0.2.tgz",
      "integrity": "sha1-f1Nj8Ff2WSxVlfALyAon9c7B8O8=",
      "requires": {
        "emitter-component": "^1.1.1"
      }
    },
    "string.prototype.trimend": {
      "version": "1.0.4",
      "resolved": "https://registry.nlark.com/string.prototype.trimend/download/string.prototype.trimend-1.0.4.tgz",
      "integrity": "sha1-51rpDClCxjUEaGwYsoe0oLGkX4A=",
      "requires": {
        "call-bind": "^1.0.2",
        "define-properties": "^1.1.3"
      }
    },
    "string.prototype.trimstart": {
      "version": "1.0.4",
      "resolved": "https://registry.nlark.com/string.prototype.trimstart/download/string.prototype.trimstart-1.0.4.tgz",
      "integrity": "sha1-s2OZr0qymZtMnGSL16P7K7Jv7u0=",
      "requires": {
        "call-bind": "^1.0.2",
        "define-properties": "^1.1.3"
      }
    },
    "toidentifier": {
      "version": "1.0.0",
      "resolved": "https://registry.nlark.com/toidentifier/download/toidentifier-1.0.0.tgz",
      "integrity": "sha1-fhvjRw8ed5SLxD2Uo8j013UrpVM="
    },
    "tsscmp": {
      "version": "1.0.6",
      "resolved": "https://registry.nlark.com/tsscmp/download/tsscmp-1.0.6.tgz",
      "integrity": "sha1-hbmVg6w1iexL/vgltQAKqRHWBes="
    },
    "type-is": {
      "version": "1.6.18",
      "resolved": "https://registry.nlark.com/type-is/download/type-is-1.6.18.tgz",
      "integrity": "sha1-TlUs0F3wlGfcvE73Od6J8s83wTE=",
      "requires": {
        "media-typer": "0.3.0",
        "mime-types": "~2.1.24"
      }
    },
    "unbox-primitive": {
      "version": "1.0.1",
      "resolved": "https://registry.nlark.com/unbox-primitive/download/unbox-primitive-1.0.1.tgz",
      "integrity": "sha1-CF4hViXsMWJXTciFmr7nilmxRHE=",
      "requires": {
        "function-bind": "^1.1.1",
        "has-bigints": "^1.0.1",
        "has-symbols": "^1.0.2",
        "which-boxed-primitive": "^1.0.2"
      }
    },
    "url": {
      "version": "0.11.0",
      "resolved": "https://registry.nlark.com/url/download/url-0.11.0.tgz?cache=0&sync_timestamp=1618846952693&other_urls=https%3A%2F%2Fregistry.nlark.com%2Furl%2Fdownload%2Furl-0.11.0.tgz",
      "integrity": "sha1-ODjpfPxgUh63PFJajlW/3Z4uKPE=",
      "requires": {
        "punycode": "1.3.2",
        "querystring": "0.2.0"
      },
      "dependencies": {
        "querystring": {
          "version": "0.2.0",
          "resolved": "https://registry.nlark.com/querystring/download/querystring-0.2.0.tgz",
          "integrity": "sha1-sgmEkgO7Jd+CDadW50cAWHhSFiA="
        }
      }
    },
    "util": {
      "version": "0.12.4",
      "resolved": "https://registry.nlark.com/util/download/util-0.12.4.tgz",
      "integrity": "sha1-ZhIaMUIN+PAcoMRkvhXfodGFAlM=",
      "requires": {
        "inherits": "^2.0.3",
        "is-arguments": "^1.0.4",
        "is-generator-function": "^1.0.7",
        "is-typed-array": "^1.1.3",
        "safe-buffer": "^5.1.2",
        "which-typed-array": "^1.1.2"
      }
    },
    "vary": {
      "version": "1.1.2",
      "resolved": "https://registry.nlark.com/vary/download/vary-1.1.2.tgz",
      "integrity": "sha1-IpnwLG3tMNSllhsLn3RSShj2NPw="
    },
    "which-boxed-primitive": {
      "version": "1.0.2",
      "resolved": "https://registry.nlark.com/which-boxed-primitive/download/which-boxed-primitive-1.0.2.tgz",
      "integrity": "sha1-E3V7yJsgmwSf5dhkMOIc9AqJqOY=",
      "requires": {
        "is-bigint": "^1.0.1",
        "is-boolean-object": "^1.1.0",
        "is-number-object": "^1.0.4",
        "is-string": "^1.0.5",
        "is-symbol": "^1.0.3"
      }
    },
    "which-typed-array": {
      "version": "1.1.7",
      "resolved": "https://registry.nlark.com/which-typed-array/download/which-typed-array-1.1.7.tgz?cache=0&sync_timestamp=1630377813104&other_urls=https%3A%2F%2Fregistry.nlark.com%2Fwhich-typed-array%2Fdownload%2Fwhich-typed-array-1.1.7.tgz",
      "integrity": "sha1-J2F5m5oi1LhmCzwbQKuqdzlpF5M=",
      "requires": {
        "available-typed-arrays": "^1.0.5",
        "call-bind": "^1.0.2",
        "es-abstract": "^1.18.5",
        "foreach": "^2.0.5",
        "has-tostringtag": "^1.0.0",
        "is-typed-array": "^1.1.7"
      }
    },
    "ylru": {
      "version": "1.2.1",
      "resolved": "https://registry.nlark.com/ylru/download/ylru-1.2.1.tgz",
      "integrity": "sha1-9Xa2M0FUeYnB3nuiiHYJI7J/6E8="
    }
  }
}
